
Microsoft Visual Studio Solution File, Format Version 12.00
# Visual Studio Version 16
VisualStudioVersion = 16.0.31025.194
MinimumVisualStudioVersion = 10.0.40219.1
Project("{9A19103F-16F7-4668-BE54-9A1E7A4F7556}") = "Oop2", "Oop2\Oop2.csproj", "{F5C22FDC-ED8E-4D77-A69A-496BDF65208B}"
EndProject
Project("{FAE04EC0-301F-11D3-BF4B-00C04F79EFBC}") = "OOP3", "OOP3\OOP3.csproj", "{5562DBDD-E651-4FB0-8E95-064B24F650F3}"
EndProject
Global
	GlobalSection(SolutionConfigurationPlatforms) = preSolution
		Debug|Any CPU = Debug|Any CPU
		Release|Any CPU = Release|Any CPU
	EndGlobalSection
	GlobalSection(ProjectConfigurationPlatforms) = postSolution
		{F5C22FDC-ED8E-4D77-A69A-496BDF65208B}.Debug|Any CPU.ActiveCfg = Debug|Any CPU
		{F5C22FDC-ED8E-4D77-A69A-496BDF65208B}.Debug|Any CPU.Build.0 = Debug|Any CPU
		{F5C22FDC-ED8E-4D77-A69A-496BDF65208B}.Release|Any CPU.ActiveCfg = Release|Any CPU
		{F5C22FDC-ED8E-4D77-A69A-496BDF65208B}.Release|Any CPU.Build.0 = Release|Any CPU
		{5562DBDD-E651-4FB0-8E95-064B24F650F3}.Debug|Any CPU.ActiveCfg = Debug|Any CPU
		{5562DBDD-E651-4FB0-8E95-064B24F650F3}.Debug|Any CPU.Build.0 = Debug|Any CPU
		{5562DBDD-E651-4FB0-8E95-064B24F650F3}.Release|Any CPU.ActiveCfg = Release|Any CPU
		{5562DBDD-E651-4FB0-8E95-064B24F650F3}.Release|Any CPU.Build.0 = Release|Any CPU
	EndGlobalSection
	GlobalSection(SolutionProperties) = preSolution
		HideSolutionNode = FALSE
	EndGlobalSection
	GlobalSection(ExtensibilityGlobals) = postSolution
		SolutionGuid = {926B0965-363B-47C0-A72B-F4AC6BCBE493}
	EndGlobalSection
EndGlobal
